
Microsoft Visual Studio Solution File, Format Version 12.00
# Visual Studio Version 17
VisualStudioVersion = 17.14.37012.4 d17.14
MinimumVisualStudioVersion = 10.0.40219.1
Project("{FAE04EC0-301F-11D3-BF4B-00C04F79EFBC}") = "KeyPalette", "KeyPalette\KeyPalette.csproj", "{9FFB4BC6-7931-4629-90AB-2883F3E0D4C3}"
EndProject
Global
	GlobalSection(SolutionConfigurationPlatforms) = preSolution
		Debug|Any CPU = Debug|Any CPU
		Release|Any CPU = Release|Any CPU
	EndGlobalSection
	GlobalSection(ProjectConfigurationPlatforms) = postSolution
		{9FFB4BC6-7931-4629-90AB-2883F3E0D4C3}.Debug|Any CPU.ActiveCfg = Debug|Any CPU
		{9FFB4BC6-7931-4629-90AB-2883F3E0D4C3}.Debug|Any CPU.Build.0 = Debug|Any CPU
		{9FFB4BC6-7931-4629-90AB-2883F3E0D4C3}.Release|Any CPU.ActiveCfg = Release|Any CPU
		{9FFB4BC6-7931-4629-90AB-2883F3E0D4C3}.Release|Any CPU.Build.0 = Release|Any CPU
	EndGlobalSection
	GlobalSection(SolutionProperties) = preSolution
		HideSolutionNode = FALSE
	EndGlobalSection
	GlobalSection(ExtensibilityGlobals) = postSolution
		SolutionGuid = {2D1814D1-E516-46F8-8D35-0A0730E3C5FC}
	EndGlobalSection
EndGlobal
